dependencies:
- name: common
  repository: https://charts.bitnami.com/bitnami
  version: 2.27.0
- name: reloader
  repository: https://stakater.github.io/stakater-charts
  version: 1.0.52
digest: sha256:fffad39e46a3d8ef315786c8acb9519f8034165d2d74384fc8b047f2b8336a56
generated: "2025-03-02T01:24:12.683914699Z"
