dependencies:
- name: common
  repository: https://charts.bitnami.com/bitnami
  version: 2.41.0
- name: reloader
  repository: https://stakater.github.io/stakater-charts
  version: 1.0.52
digest: sha256:1027da105f4506a0ccbda3897ab7d11af3b7301a8431eed50ad7fcb5e2470f58
generated: "2026-08-26T12:56:16.763006668Z"
